// !$*UTF8*$!
{
	archiveVersion = 1;
	classes = {
	};
	objectVersion = 46;
	objects = {

/* Begin PBXBuildFile section */
		652EFCE21EBBD2B6000EC295 /* alarm_sound.mp3 in Resources */ = {isa = PBXBuildFile; fileRef = 652EFCE11EBBD2B6000EC295 /* alarm_sound.mp3 */; };
		65C82B4E1EBA31AF0056736F /* AppDelegate.swift in Sources */ = {isa = PBXBuildFile; fileRef = 65C82B4D1EBA31AF0056736F /* AppDelegate.swift */; };
		65C82B501EBA31AF0056736F /* ViewController.swift in Sources */ = {isa = PBXBuildFile; fileRef = 65C82B4F1EBA31AF0056736F /* ViewController.swift */; };
		65C82B531EBA31AF0056736F /* Main.storyboard in Resources */ = {isa = PBXBuildFile; fileRef = 65C82B511EBA31AF0056736F /* Main.storyboard */; };
		65C82B551EBA31AF0056736F /* Assets.xcassets in Resources */ = {isa = PBXBuildFile; fileRef = 65C82B541EBA31AF0056736F /* Assets.xcassets */; };
		65C82B581EBA31AF0056736F /* LaunchScreen.storyboard in Resources */ = {isa = PBXBuildFile; fileRef = 65C82B561EBA31AF0056736F /* LaunchScreen.storyboard */; };
		65C82B631EBA31AF0056736F /* Simple_Alarm_ClockTests.swift in Sources */ = {isa = PBXBuildFile; fileRef = 65C82B621EBA31AF0056736F /* Simple_Alarm_ClockTests.swift */; };
		65C82B6E1EBA31AF0056736F /* Simple_Alarm_ClockUITests.swift in Sources */ = {isa = PBXBuildFile; fileRef = 65C82B6D1EBA31AF0056736F /* Simple_Alarm_ClockUITests.swift */; };
		65C82B7F1EBA32B20056736F /* alarm_clock_img.jpg in Resources */ = {isa = PBXBuildFile; fileRef = 65C82B7E1EBA32B20056736F /* alarm_clock_img.jpg */; };
/* End PBXBuildFile section */

/* Begin PBXContainerItemProxy section */
		65C82B5F1EBA31AF0056736F /* PBXContainerItemProxy */ = {
			isa = PBXContainerItemProxy;
			containerPortal = 65C82B421EBA31AF0056736F /* Project object */;
			proxyType = 1;
			remoteGlobalIDString = 65C82B491EBA31AF0056736F;
			remoteInfo = "Simple Alarm Clock";
		};
		65C82B6A1EBA31AF0056736F /* PBXContainerItemProxy */ = {
			isa = PBXContainerItemProxy;
			containerPortal = 65C82B421EBA31AF0056736F /* Project object */;
			proxyType = 1;
			remoteGlobalIDString = 65C82B491EBA31AF0056736F;
			remoteInfo = "Simple Alarm Clock";
		};
/* End PBXContainerItemProxy section */

/* Begin PBXFileReference section */
		652EFCE11EBBD2B6000EC295 /* alarm_sound.mp3 */ = {isa = PBXFileReference; lastKnownFileType = audio.mp3; name = alarm_sound.mp3; path = "../../../../Downloads/Short-ringtone-for-notification/alarm_sound.mp3"; sourceTree = "<group>"; };
		65C82B4A1EBA31AF0056736F /* Simple Alarm Clock.app */ = {isa = PBXFileReference; explicitFileType = wrapper.application; includeInIndex = 0; path = "Simple Alarm Clock.app"; sourceTree = BUILT_PRODUCTS_DIR; };
		65C82B4D1EBA31AF0056736F /* AppDelegate.swift */ = {isa = PBXFileReference; lastKnownFileType = sourcecode.swift; path = AppDelegate.swift; sourceTree = "<group>"; };
		65C82B4F1EBA31AF0056736F /* ViewController.swift */ = {isa = PBXFileReference; lastKnownFileType = sourcecode.swift; path = ViewController.swift; sourceTree = "<group>"; };
		65C82B521EBA31AF0056736F /* Base */ = {isa = PBXFileReference; lastKnownFileType = file.storyboard; name = Base; path = Base.lproj/Main.storyboard; sourceTree = "<group>"; };
		65C82B541EBA31AF0056736F /* Assets.xcassets */ = {isa = PBXFileReference; lastKnownFileType = folder.assetcatalog; path = Assets.xcassets; sourceTree = "<group>"; };
		65C82B571EBA31AF0056736F /* Base */ = {isa = PBXFileReference; lastKnownFileType = file.storyboard; name = Base; path = Base.lproj/LaunchScreen.storyboard; sourceTree = "<group>"; };
		65C82B591EBA31AF0056736F /* Info.plist */ = {isa = PBXFileReference; lastKnownFileType = text.plist.xml; path = Info.plist; sourceTree = "<group>"; };
		65C82B5E1EBA31AF0056736F /* Simple Alarm ClockTests.xctest */ = {isa = PBXFileReference; explicitFileType = wrapper.cfbundle; includeInIndex = 0; path = "Simple Alarm ClockTests.xctest"; sourceTree = BUILT_PRODUCTS_DIR; };
		65C82B621EBA31AF0056736F /* Simple_Alarm_ClockTests.swift */ = {isa = PBXFileReference; lastKnownFileType = sourcecode.swift; path = Simple_Alarm_ClockTests.swift; sourceTree = "<group>"; };
		65C82B641EBA31AF0056736F /* Info.plist */ = {isa = PBXFileReference; lastKnownFileType = text.plist.xml; path = Info.plist; sourceTree = "<group>"; };
		65C82B691EBA31AF0056736F /* Simple Alarm ClockUITests.xctest */ = {isa = PBXFileReference; explicitFileType = wrapper.cfbundle; includeInIndex = 0; path = "Simple Alarm ClockUITests.xctest"; sourceTree = BUILT_PRODUCTS_DIR; };
		65C82B6D1EBA31AF0056736F /* Simple_Alarm_ClockUITests.swift */ = {isa = PBXFileReference; lastKnownFileType = sourcecode.swift; path = Simple_Alarm_ClockUITests.swift; sourceTree = "<group>"; };
		65C82B6F1EBA31AF0056736F /* Info.plist */ = {isa = PBXFileReference; lastKnownFileType = text.plist.xml; path = Info.plist; sourceTree = "<group>"; };
		65C82B7E1EBA32B20056736F /* alarm_clock_img.jpg */ = {isa = PBXFileReference; lastKnownFileType = image.jpeg; name = alarm_clock_img.jpg; path = ../../../../Desktop/alarm_clock_img.jpg; sourceTree = "<group>"; };
/* End PBXFileReference section */

/* Begin PBXFrameworksBuildPhase section */
		65C82B471EBA31AF0056736F /* Frameworks */ = {
			isa = PBXFrameworksBuildPhase;
			buildActionMask = 2147483647;
			files = (
			);
			runOnlyForDeploymentPostprocessing = 0;
		};
		65C82B5B1EBA31AF0056736F /* Frameworks */ = {
			isa = PBXFrameworksBuildPhase;
			buildActionMask = 2147483647;
			files = (
			);
			runOnlyForDeploymentPostprocessing = 0;
		};
		65C82B661EBA31AF0056736F /* Frameworks */ = {
			isa = PBXFrameworksBuildPhase;
			buildActionMask = 2147483647;
			files = (
			);
			runOnlyForDeploymentPostprocessing = 0;
		};
/* End PBXFrameworksBuildPhase section */

/* Begin PBXGroup section */
		65C82B411EBA31AF0056736F = {
			isa = PBXGroup;
			children = (
				65C82B7B1EBA321C0056736F /* Supporting Files */,
				65C82B4C1EBA31AF0056736F /* Simple Alarm Clock */,
				65C82B611EBA31AF0056736F /* Simple Alarm ClockTests */,
				65C82B6C1EBA31AF0056736F /* Simple Alarm ClockUITests */,
				65C82B4B1EBA31AF0056736F /* Products */,
			);
			sourceTree = "<group>";
		};
		65C82B4B1EBA31AF0056736F /* Products */ = {
			isa = PBXGroup;
			children = (
				65C82B4A1EBA31AF0056736F /* Simple Alarm Clock.app */,
				65C82B5E1EBA31AF0056736F /* Simple Alarm ClockTests.xctest */,
				65C82B691EBA31AF0056736F /* Simple Alarm ClockUITests.xctest */,
			);
			name = Products;
			sourceTree = "<group>";
		};
		65C82B4C1EBA31AF0056736F /* Simple Alarm Clock */ = {
			isa = PBXGroup;
			children = (
				65C82B4D1EBA31AF0056736F /* AppDelegate.swift */,
				65C82B4F1EBA31AF0056736F /* ViewController.swift */,
				65C82B511EBA31AF0056736F /* Main.storyboard */,
				65C82B541EBA31AF0056736F /* Assets.xcassets */,
				65C82B561EBA31AF0056736F /* LaunchScreen.storyboard */,
				65C82B591EBA31AF0056736F /* Info.plist */,
			);
			path = "Simple Alarm Clock";
			sourceTree = "<group>";
		};
		65C82B611EBA31AF0056736F /* Simple Alarm ClockTests */ = {
			isa = PBXGroup;
			children = (
				65C82B621EBA31AF0056736F /* Simple_Alarm_ClockTests.swift */,
				65C82B641EBA31AF0056736F /* Info.plist */,
			);
			path = "Simple Alarm ClockTests";
			sourceTree = "<group>";
		};
		65C82B6C1EBA31AF0056736F /* Simple Alarm ClockUITests */ = {
			isa = PBXGroup;
			children = (
				65C82B6D1EBA31AF0056736F /* Simple_Alarm_ClockUITests.swift */,
				65C82B6F1EBA31AF0056736F /* Info.plist */,
			);
			path = "Simple Alarm ClockUITests";
			sourceTree = "<group>";
		};
		65C82B7B1EBA321C0056736F /* Supporting Files */ = {
			isa = PBXGroup;
			children = (
				652EFCE11EBBD2B6000EC295 /* alarm_sound.mp3 */,
				65C82B7E1EBA32B20056736F /* alarm_clock_img.jpg */,
			);
			name = "Supporting Files";
			sourceTree = "<group>";
		};
/* End PBXGroup section */

/* Begin PBXNativeTarget section */
		65C82B491EBA31AF0056736F /* Simple Alarm Clock */ = {
			isa = PBXNativeTarget;
			buildConfigurationList = 65C82B721EBA31AF0056736F /* Build configuration list for PBXNativeTarget "Simple Alarm Clock" */;
			buildPhases = (
				65C82B461EBA31AF0056736F /* Sources */,
				65C82B471EBA31AF0056736F /* Frameworks */,
				65C82B481EBA31AF0056736F /* Resources */,
			);
			buildRules = (
			);
			dependencies = (
			);
			name = "Simple Alarm Clock";
			productName = "Simple Alarm Clock";
			productReference = 65C82B4A1EBA31AF0056736F /* Simple Alarm Clock.app */;
			productType = "com.apple.product-type.application";
		};
		65C82B5D1EBA31AF0056736F /* Simple Alarm ClockTests */ = {
			isa = PBXNativeTarget;
			buildConfigurationList = 65C82B751EBA31AF0056736F /* Build configuration list for PBXNativeTarget "Simple Alarm ClockTests" */;
			buildPhases = (
				65C82B5A1EBA31AF0056736F /* Sources */,
				65C82B5B1EBA31AF0056736F /* Frameworks */,
				65C82B5C1EBA31AF0056736F /* Resources */,
			);
			buildRules = (
			);
			dependencies = (
				65C82B601EBA31AF0056736F /* PBXTargetDependency */,
			);
			name = "Simple Alarm ClockTests";
			productName = "Simple Alarm ClockTests";
			productReference = 65C82B5E1EBA31AF0056736F /* Simple Alarm ClockTests.xctest */;
			productType = "com.apple.product-type.bundle.unit-test";
		};
		65C82B681EBA31AF0056736F /* Simple Alarm ClockUITests */ = {
			isa = PBXNativeTarget;
			buildConfigurationList = 65C82B781EBA31AF0056736F /* Build configuration list for PBXNativeTarget "Simple Alarm ClockUITests" */;
			buildPhases = (
				65C82B651EBA31AF0056736F /* Sources */,
				65C82B661EBA31AF0056736F /* Frameworks */,
				65C82B671EBA31AF0056736F /* Resources */,
			);
			buildRules = (
			);
			dependencies = (
				65C82B6B1EBA31AF0056736F /* PBXTargetDependency */,
			);
			name = "Simple Alarm ClockUITests";
			productName = "Simple Alarm ClockUITests";
			productReference = 65C82B691EBA31AF0056736F /* Simple Alarm ClockUITests.xctest */;
			productType = "com.apple.product-type.bundle.ui-testing";
		};
/* End PBXNativeTarget section */

/* Begin PBXProject section */
		65C82B421EBA31AF0056736F /* Project object */ = {
			isa = PBXProject;
			attributes = {
				LastSwiftUpdateCheck = 0730;
				LastUpgradeCheck = 0730;
				ORGANIZATIONNAME = "Daniel Lerner";
				TargetAttributes = {
					65C82B491EBA31AF0056736F = {
						CreatedOnToolsVersion = 7.3.1;
					};
					65C82B5D1EBA31AF0056736F = {
						CreatedOnToolsVersion = 7.3.1;
						TestTargetID = 65C82B491EBA31AF0056736F;
					};
					65C82B681EBA31AF0056736F = {
						CreatedOnToolsVersion = 7.3.1;
						TestTargetID = 65C82B491EBA31AF0056736F;
					};
				};
			};
			buildConfigurationList = 65C82B451EBA31AF0056736F /* Build configuration list for PBXProject "Simple Alarm Clock" */;
			compatibilityVersion = "Xcode 3.2";
			developmentRegion = English;
			hasScannedForEncodings = 0;
			knownRegions = (
				en,
				Base,
			);
			mainGroup = 65C82B411EBA31AF0056736F;
			productRefGroup = 65C82B4B1EBA31AF0056736F /* Products */;
			projectDirPath = "";
			projectRoot = "";
			targets = (
				65C82B491EBA31AF0056736F /* Simple Alarm Clock */,
				65C82B5D1EBA31AF0056736F /* Simple Alarm ClockTests */,
				65C82B681EBA31AF0056736F /* Simple Alarm ClockUITests */,
			);
		};
/* End PBXProject section */

/* Begin PBXResourcesBuildPhase section */
		65C82B481EBA31AF0056736F /* Resources */ = {
			isa = PBXResourcesBuildPhase;
			buildActionMask = 2147483647;
			files = (
				65C82B581EBA31AF0056736F /* LaunchScreen.storyboard in Resources */,
				65C82B551EBA31AF0056736F /* Assets.xcassets in Resources */,
				65C82B7F1EBA32B20056736F /* alarm_clock_img.jpg in Resources */,
				652EFCE21EBBD2B6000EC295 /* alarm_sound.mp3 in Resources */,
				65C82B531EBA31AF0056736F /* Main.storyboard in Resources */,
			);
			runOnlyForDeploymentPostprocessing = 0;
		};
		65C82B5C1EBA31AF0056736F /* Resources */ = {
			isa = PBXResourcesBuildPhase;
			buildActionMask = 2147483647;
			files = (
			);
			runOnlyForDeploymentPostprocessing = 0;
		};
		65C82B671EBA31AF0056736F /* Resources */ = {
			isa = PBXResourcesBuildPhase;
			buildActionMask = 2147483647;
			files = (
			);
			runOnlyForDeploymentPostprocessing = 0;
		};
/* End PBXResourcesBuildPhase section */

/* Begin PBXSourcesBuildPhase section */
		65C82B461EBA31AF0056736F /* Sources */ = {
			isa = PBXSourcesBuildPhase;
			buildActionMask = 2147483647;
			files = (
				65C82B501EBA31AF0056736F /* ViewController.swift in Sources */,
				65C82B4E1EBA31AF0056736F /* AppDelegate.swift in Sources */,
			);
			runOnlyForDeploymentPostprocessing = 0;
		};
		65C82B5A1EBA31AF0056736F /* Sources */ = {
			isa = PBXSourcesBuildPhase;
			buildActionMask = 2147483647;
			files = (
				65C82B631EBA31AF0056736F /* Simple_Alarm_ClockTests.swift in Sources */,
			);
			runOnlyForDeploymentPostprocessing = 0;
		};
		65C82B651EBA31AF0056736F /* Sources */ = {
			isa = PBXSourcesBuildPhase;
			buildActionMask = 2147483647;
			files = (
				65C82B6E1EBA31AF0056736F /* Simple_Alarm_ClockUITests.swift in Sources */,
			);
			runOnlyForDeploymentPostprocessing = 0;
		};
/* End PBXSourcesBuildPhase section */

/* Begin PBXTargetDependency section */
		65C82B601EBA31AF0056736F /* PBXTargetDependency */ = {
			isa = PBXTargetDependency;
			target = 65C82B491EBA31AF0056736F /* Simple Alarm Clock */;
			targetProxy = 65C82B5F1EBA31AF0056736F /* PBXContainerItemProxy */;
		};
		65C82B6B1EBA31AF0056736F /* PBXTargetDependency */ = {
			isa = PBXTargetDependency;
			target = 65C82B491EBA31AF0056736F /* Simple Alarm Clock */;
			targetProxy = 65C82B6A1EBA31AF0056736F /* PBXContainerItemProxy */;
		};
/* End PBXTargetDependency section */

/* Begin PBXVariantGroup section */
		65C82B511EBA31AF0056736F /* Main.storyboard */ = {
			isa = PBXVariantGroup;
			children = (
				65C82B521EBA31AF0056736F /* Base */,
			);
			name = Main.storyboard;
			sourceTree = "<group>";
		};
		65C82B561EBA31AF0056736F /* LaunchScreen.storyboard */ = {
			isa = PBXVariantGroup;
			children = (
				65C82B571EBA31AF0056736F /* Base */,
			);
			name = LaunchScreen.storyboard;
			sourceTree = "<group>";
		};
/* End PBXVariantGroup section */

/* Begin XCBuildConfiguration section */
		65C82B701EBA31AF0056736F /* Debug */ = {
			isa = XCBuildConfiguration;
			buildSettings = {
				ALWAYS_SEARCH_USER_PATHS = NO;
				CLANG_ANALYZER_NONNULL = YES;
				CLANG_CXX_LANGUAGE_STANDARD = "gnu++0x";
				CLANG_CXX_LIBRARY = "libc++";
				CLANG_ENABLE_MODULES = YES;
				CLANG_ENABLE_OBJC_ARC = YES;
				CLANG_WARN_BOOL_CONVERSION = YES;
				CLANG_WARN_CONSTANT_CONVERSION = YES;
				CLANG_WARN_DIRECT_OBJC_ISA_USAGE = YES_ERROR;
				CLANG_WARN_EMPTY_BODY = YES;
				CLANG_WARN_ENUM_CONVERSION = YES;
				CLANG_WARN_INT_CONVERSION = YES;
				CLANG_WARN_OBJC_ROOT_CLASS = YES_ERROR;
				CLANG_WARN_UNREACHABLE_CODE = YES;
				CLANG_WARN__DUPLICATE_METHOD_MATCH = YES;
				"CODE_SIGN_IDENTITY[sdk=iphoneos*]" = "iPhone Developer";
				COPY_PHASE_STRIP = NO;
				DEBUG_INFORMATION_FORMAT = dwarf;
				ENABLE_STRICT_OBJC_MSGSEND = YES;
				ENABLE_TESTABILITY = YES;
				GCC_C_LANGUAGE_STANDARD = gnu99;
				GCC_DYNAMIC_NO_PIC = NO;
				GCC_NO_COMMON_BLOCKS = YES;
				GCC_OPTIMIZATION_LEVEL = 0;
				GCC_PREPROCESSOR_DEFINITIONS = (
					"DEBUG=1",
					"$(inherited)",
				);
				GCC_WARN_64_TO_32_BIT_CONVERSION = YES;
				GCC_WARN_ABOUT_RETURN_TYPE = YES_ERROR;
				GCC_WARN_UNDECLARED_SELECTOR = YES;
				GCC_WARN_UNINITIALIZED_AUTOS = YES_AGGRESSIVE;
				GCC_WARN_UNUSED_FUNCTION = YES;
				GCC_WARN_UNUSED_VARIABLE = YES;
				IPHONEOS_DEPLOYMENT_TARGET = 9.3;
				MTL_ENABLE_DEBUG_INFO = YES;
				ONLY_ACTIVE_ARCH = YES;
				SDKROOT = iphoneos;
				SWIFT_OPTIMIZATION_LEVEL = "-Onone";
				TARGETED_DEVICE_FAMILY = "1,2";
			};
			name = Debug;
		};
		65C82B711EBA31AF0056736F /* Release */ = {
			isa = XCBuildConfiguration;
			buildSettings = {
				ALWAYS_SEARCH_USER_PATHS = NO;
				CLANG_ANALYZER_NONNULL = YES;
				CLANG_CXX_LANGUAGE_STANDARD = "gnu++0x";
				CLANG_CXX_LIBRARY = "libc++";
				CLANG_ENABLE_MODULES = YES;
				CLANG_ENABLE_OBJC_ARC = YES;
				CLANG_WARN_BOOL_CONVERSION = YES;
				CLANG_WARN_CONSTANT_CONVERSION = YES;
				CLANG_WARN_DIRECT_OBJC_ISA_USAGE = YES_ERROR;
				CLANG_WARN_EMPTY_BODY = YES;
				CLANG_WARN_ENUM_CONVERSION = YES;
				CLANG_WARN_INT_CONVERSION = YES;
				CLANG_WARN_OBJC_ROOT_CLASS = YES_ERROR;
				CLANG_WARN_UNREACHABLE_CODE = YES;
				CLANG_WARN__DUPLICATE_METHOD_MATCH = YES;
				"CODE_SIGN_IDENTITY[sdk=iphoneos*]" = "iPhone Developer";
				COPY_PHASE_STRIP = NO;
				DEBUG_INFORMATION_FORMAT = "dwarf-with-dsym";
				ENABLE_NS_ASSERTIONS = NO;
				ENABLE_STRICT_OBJC_MSGSEND = YES;
				GCC_C_LANGUAGE_STANDARD = gnu99;
				GCC_NO_COMMON_BLOCKS = YES;
				GCC_WARN_64_TO_32_BIT_CONVERSION = YES;
				GCC_WARN_ABOUT_RETURN_TYPE = YES_ERROR;
				GCC_WARN_UNDECLARED_SELECTOR = YES;
				GCC_WARN_UNINITIALIZED_AUTOS = YES_AGGRESSIVE;
				GCC_WARN_UNUSED_FUNCTION = YES;
				GCC_WARN_UNUSED_VARIABLE = YES;
				IPHONEOS_DEPLOYMENT_TARGET = 9.3;
				MTL_ENABLE_DEBUG_INFO = NO;
				SDKROOT = iphoneos;
				TARGETED_DEVICE_FAMILY = "1,2";
				VALIDATE_PRODUCT = YES;
			};
			name = Release;
		};
		65C82B731EBA31AF0056736F /* Debug */ = {
			isa = XCBuildConfiguration;
			buildSettings = {
				ASSETCATALOG_COMPILER_APPICON_NAME = AppIcon;
				INFOPLIST_FILE = "Simple Alarm Clock/Info.plist";
				LD_RUNPATH_SEARCH_PATHS = "$(inherited) @executable_path/Frameworks";
				PRODUCT_BUNDLE_IDENTIFIER = "shakeWake.Simple-Alarm-Clock";
				PRODUCT_NAME = "$(TARGET_NAME)";
			};
			name = Debug;
		};
		65C82B741EBA31AF0056736F /* Release */ = {
			isa = XCBuildConfiguration;
			buildSettings = {
				ASSETCATALOG_COMPILER_APPICON_NAME = AppIcon;
				INFOPLIST_FILE = "Simple Alarm Clock/Info.plist";
				LD_RUNPATH_SEARCH_PATHS = "$(inherited) @executable_path/Frameworks";
				PRODUCT_BUNDLE_IDENTIFIER = "shakeWake.Simple-Alarm-Clock";
				PRODUCT_NAME = "$(TARGET_NAME)";
			};
			name = Release;
		};
		65C82B761EBA31AF0056736F /* Debug */ = {
			isa = XCBuildConfiguration;
			buildSettings = {
				BUNDLE_LOADER = "$(TEST_HOST)";
				INFOPLIST_FILE = "Simple Alarm ClockTests/Info.plist";
				LD_RUNPATH_SEARCH_PATHS = "$(inherited) @executable_path/Frameworks @loader_path/Frameworks";
				PRODUCT_BUNDLE_IDENTIFIER = "shakeWake.Simple-Alarm-ClockTests";
				PRODUCT_NAME = "$(TARGET_NAME)";
				TEST_HOST = "$(BUILT_PRODUCTS_DIR)/Simple Alarm Clock.app/Simple Alarm Clock";
			};
			name = Debug;
		};
		65C82B771EBA31AF0056736F /* Release */ = {
			isa = XCBuildConfiguration;
			buildSettings = {
				BUNDLE_LOADER = "$(TEST_HOST)";
				INFOPLIST_FILE = "Simple Alarm ClockTests/Info.plist";
				LD_RUNPATH_SEARCH_PATHS = "$(inherited) @executable_path/Frameworks @loader_path/Frameworks";
				PRODUCT_BUNDLE_IDENTIFIER = "shakeWake.Simple-Alarm-ClockTests";
				PRODUCT_NAME = "$(TARGET_NAME)";
				TEST_HOST = "$(BUILT_PRODUCTS_DIR)/Simple Alarm Clock.app/Simple Alarm Clock";
			};
			name = Release;
		};
		65C82B791EBA31AF0056736F /* Debug */ = {
			isa = XCBuildConfiguration;
			buildSettings = {
				INFOPLIST_FILE = "Simple Alarm ClockUITests/Info.plist";
				LD_RUNPATH_SEARCH_PATHS = "$(inherited) @executable_path/Frameworks @loader_path/Frameworks";
				PRODUCT_BUNDLE_IDENTIFIER = "shakeWake.Simple-Alarm-ClockUITests";
				PRODUCT_NAME = "$(TARGET_NAME)";
				TEST_TARGET_NAME = "Simple Alarm Clock";
			};
			name = Debug;
		};
		65C82B7A1EBA31AF0056736F /* Release */ = {
			isa = XCBuildConfiguration;
			buildSettings = {
				INFOPLIST_FILE = "Simple Alarm ClockUITests/Info.plist";
				LD_RUNPATH_SEARCH_PATHS = "$(inherited) @executable_path/Frameworks @loader_path/Frameworks";
				PRODUCT_BUNDLE_IDENTIFIER = "shakeWake.Simple-Alarm-ClockUITests";
				PRODUCT_NAME = "$(TARGET_NAME)";
				TEST_TARGET_NAME = "Simple Alarm Clock";
			};
			name = Release;
		};
/* End XCBuildConfiguration section */

/* Begin XCConfigurationList section */
		65C82B451EBA31AF0056736F /* Build configuration list for PBXProject "Simple Alarm Clock" */ = {
			isa = XCConfigurationList;
			buildConfigurations = (
				65C82B701EBA31AF0056736F /* Debug */,
				65C82B711EBA31AF0056736F /* Release */,
			);
			defaultConfigurationIsVisible = 0;
			defaultConfigurationName = Release;
		};
		65C82B721EBA31AF0056736F /* Build configuration list for PBXNativeTarget "Simple Alarm Clock" */ = {
			isa = XCConfigurationList;
			buildConfigurations = (
				65C82B731EBA31AF0056736F /* Debug */,
				65C82B741EBA31AF0056736F /* Release */,
			);
			defaultConfigurationIsVisible = 0;
			defaultConfigurationName = Release;
		};
		65C82B751EBA31AF0056736F /* Build configuration list for PBXNativeTarget "Simple Alarm ClockTests" */ = {
			isa = XCConfigurationList;
			buildConfigurations = (
				65C82B761EBA31AF0056736F /* Debug */,
				65C82B771EBA31AF0056736F /* Release */,
			);
			defaultConfigurationIsVisible = 0;
			defaultConfigurationName = Release;
		};
		65C82B781EBA31AF0056736F /* Build configuration list for PBXNativeTarget "Simple Alarm ClockUITests" */ = {
			isa = XCConfigurationList;
			buildConfigurations = (
				65C82B791EBA31AF0056736F /* Debug */,
				65C82B7A1EBA31AF0056736F /* Release */,
			);
			defaultConfigurationIsVisible = 0;
			defaultConfigurationName = Release;
		};
/* End XCConfigurationList section */
	};
	rootObject = 65C82B421EBA31AF0056736F /* Project object */;
}
