// !$*UTF8*$!
{
	archiveVersion = 1;
	classes = {
	};
	objectVersion = 46;
	objects = {

/* Begin PBXBuildFile section */
		6537A16E1EC0C6EF00AFB0A2 /* alarm_clock_icon.png in Resources */ = {isa = PBXBuildFile; fileRef = 6537A16C1EC0C6EF00AFB0A2 /* alarm_clock_icon.png */; };
		6537A16F1EC0C6EF00AFB0A2 /* alarm_sound.mp3 in Resources */ = {isa = PBXBuildFile; fileRef = 6537A16D1EC0C6EF00AFB0A2 /* alarm_sound.mp3 */; };
		B2F4F5DA1EB0FBD30094922D /* SensorModel.swift in Sources */ = {isa = PBXBuildFile; fileRef = B2F4F5D91EB0FBD30094922D /* SensorModel.swift */; };
		B2F4F5DC1EB0FC600094922D /* BLE.swift in Sources */ = {isa = PBXBuildFile; fileRef = B2F4F5DB1EB0FC600094922D /* BLE.swift */; };
		DA566F771EB0F6E80074B938 /* AppDelegate.swift in Sources */ = {isa = PBXBuildFile; fileRef = DA566F761EB0F6E80074B938 /* AppDelegate.swift */; };
		DA566F791EB0F6E80074B938 /* ViewController.swift in Sources */ = {isa = PBXBuildFile; fileRef = DA566F781EB0F6E80074B938 /* ViewController.swift */; };
		DA566F7C1EB0F6E80074B938 /* Main.storyboard in Resources */ = {isa = PBXBuildFile; fileRef = DA566F7A1EB0F6E80074B938 /* Main.storyboard */; };
		DA566F7E1EB0F6E80074B938 /* Assets.xcassets in Resources */ = {isa = PBXBuildFile; fileRef = DA566F7D1EB0F6E80074B938 /* Assets.xcassets */; };
		DA566F811EB0F6E80074B938 /* LaunchScreen.storyboard in Resources */ = {isa = PBXBuildFile; fileRef = DA566F7F1EB0F6E80074B938 /* LaunchScreen.storyboard */; };
		DA566F8C1EB0F6E80074B938 /* shakeWakeTests.swift in Sources */ = {isa = PBXBuildFile; fileRef = DA566F8B1EB0F6E80074B938 /* shakeWakeTests.swift */; };
		DA566F971EB0F6E80074B938 /* shakeWakeUITests.swift in Sources */ = {isa = PBXBuildFile; fileRef = DA566F961EB0F6E80074B938 /* shakeWakeUITests.swift */; };
/* End PBXBuildFile section */

/* Begin PBXContainerItemProxy section */
		DA566F881EB0F6E80074B938 /* PBXContainerItemProxy */ = {
			isa = PBXContainerItemProxy;
			containerPortal = DA566F6B1EB0F6E80074B938 /* Project object */;
			proxyType = 1;
			remoteGlobalIDString = DA566F721EB0F6E80074B938;
			remoteInfo = shakeWake;
		};
		DA566F931EB0F6E80074B938 /* PBXContainerItemProxy */ = {
			isa = PBXContainerItemProxy;
			containerPortal = DA566F6B1EB0F6E80074B938 /* Project object */;
			proxyType = 1;
			remoteGlobalIDString = DA566F721EB0F6E80074B938;
			remoteInfo = shakeWake;
		};
/* End PBXContainerItemProxy section */

/* Begin PBXFileReference section */
		6537A16C1EC0C6EF00AFB0A2 /* alarm_clock_icon.png */ = {isa = PBXFileReference; lastKnownFileType = image.png; path = alarm_clock_icon.png; sourceTree = "<group>"; };
		6537A16D1EC0C6EF00AFB0A2 /* alarm_sound.mp3 */ = {isa = PBXFileReference; lastKnownFileType = audio.mp3; path = alarm_sound.mp3; sourceTree = "<group>"; };
		B2F4F5D91EB0FBD30094922D /* SensorModel.swift */ = {isa = PBXFileReference; fileEncoding = 4; lastKnownFileType = sourcecode.swift; path = SensorModel.swift; sourceTree = "<group>"; };
		B2F4F5DB1EB0FC600094922D /* BLE.swift */ = {isa = PBXFileReference; fileEncoding = 4; lastKnownFileType = sourcecode.swift; path = BLE.swift; sourceTree = "<group>"; };
		DA566F731EB0F6E80074B938 /* shakeWake.app */ = {isa = PBXFileReference; explicitFileType = wrapper.application; includeInIndex = 0; path = shakeWake.app; sourceTree = BUILT_PRODUCTS_DIR; };
		DA566F761EB0F6E80074B938 /* AppDelegate.swift */ = {isa = PBXFileReference; lastKnownFileType = sourcecode.swift; path = AppDelegate.swift; sourceTree = "<group>"; };
		DA566F781EB0F6E80074B938 /* ViewController.swift */ = {isa = PBXFileReference; lastKnownFileType = sourcecode.swift; path = ViewController.swift; sourceTree = "<group>"; };
		DA566F7B1EB0F6E80074B938 /* Base */ = {isa = PBXFileReference; lastKnownFileType = file.storyboard; name = Base; path = Base.lproj/Main.storyboard; sourceTree = "<group>"; };
		DA566F7D1EB0F6E80074B938 /* Assets.xcassets */ = {isa = PBXFileReference; lastKnownFileType = folder.assetcatalog; path = Assets.xcassets; sourceTree = "<group>"; };
		DA566F801EB0F6E80074B938 /* Base */ = {isa = PBXFileReference; lastKnownFileType = file.storyboard; name = Base; path = Base.lproj/LaunchScreen.storyboard; sourceTree = "<group>"; };
		DA566F821EB0F6E80074B938 /* Info.plist */ = {isa = PBXFileReference; lastKnownFileType = text.plist.xml; path = Info.plist; sourceTree = "<group>"; };
		DA566F871EB0F6E80074B938 /* shakeWakeTests.xctest */ = {isa = PBXFileReference; explicitFileType = wrapper.cfbundle; includeInIndex = 0; path = shakeWakeTests.xctest; sourceTree = BUILT_PRODUCTS_DIR; };
		DA566F8B1EB0F6E80074B938 /* shakeWakeTests.swift */ = {isa = PBXFileReference; lastKnownFileType = sourcecode.swift; path = shakeWakeTests.swift; sourceTree = "<group>"; };
		DA566F8D1EB0F6E80074B938 /* Info.plist */ = {isa = PBXFileReference; lastKnownFileType = text.plist.xml; path = Info.plist; sourceTree = "<group>"; };
		DA566F921EB0F6E80074B938 /* shakeWakeUITests.xctest */ = {isa = PBXFileReference; explicitFileType = wrapper.cfbundle; includeInIndex = 0; path = shakeWakeUITests.xctest; sourceTree = BUILT_PRODUCTS_DIR; };
		DA566F961EB0F6E80074B938 /* shakeWakeUITests.swift */ = {isa = PBXFileReference; lastKnownFileType = sourcecode.swift; path = shakeWakeUITests.swift; sourceTree = "<group>"; };
		DA566F981EB0F6E80074B938 /* Info.plist */ = {isa = PBXFileReference; lastKnownFileType = text.plist.xml; path = Info.plist; sourceTree = "<group>"; };
/* End PBXFileReference section */

/* Begin PBXFrameworksBuildPhase section */
		DA566F701EB0F6E80074B938 /* Frameworks */ = {
			isa = PBXFrameworksBuildPhase;
			buildActionMask = 2147483647;
			files = (
			);
			runOnlyForDeploymentPostprocessing = 0;
		};
		DA566F841EB0F6E80074B938 /* Frameworks */ = {
			isa = PBXFrameworksBuildPhase;
			buildActionMask = 2147483647;
			files = (
			);
			runOnlyForDeploymentPostprocessing = 0;
		};
		DA566F8F1EB0F6E80074B938 /* Frameworks */ = {
			isa = PBXFrameworksBuildPhase;
			buildActionMask = 2147483647;
			files = (
			);
			runOnlyForDeploymentPostprocessing = 0;
		};
/* End PBXFrameworksBuildPhase section */

/* Begin PBXGroup section */
		6537A16B1EC0C68E00AFB0A2 /* Supporting Files */ = {
			isa = PBXGroup;
			children = (
				6537A16C1EC0C6EF00AFB0A2 /* alarm_clock_icon.png */,
				6537A16D1EC0C6EF00AFB0A2 /* alarm_sound.mp3 */,
			);
			name = "Supporting Files";
			sourceTree = "<group>";
		};
		B2F4F5D81EB0FB940094922D /* BLErange */ = {
			isa = PBXGroup;
			children = (
				B2F4F5D91EB0FBD30094922D /* SensorModel.swift */,
				B2F4F5DB1EB0FC600094922D /* BLE.swift */,
			);
			name = BLErange;
			sourceTree = "<group>";
		};
		DA566F6A1EB0F6E80074B938 = {
			isa = PBXGroup;
			children = (
				6537A16B1EC0C68E00AFB0A2 /* Supporting Files */,
				B2F4F5D81EB0FB940094922D /* BLErange */,
				DA566F751EB0F6E80074B938 /* shakeWake */,
				DA566F8A1EB0F6E80074B938 /* shakeWakeTests */,
				DA566F951EB0F6E80074B938 /* shakeWakeUITests */,
				DA566F741EB0F6E80074B938 /* Products */,
			);
			sourceTree = "<group>";
		};
		DA566F741EB0F6E80074B938 /* Products */ = {
			isa = PBXGroup;
			children = (
				DA566F731EB0F6E80074B938 /* shakeWake.app */,
				DA566F871EB0F6E80074B938 /* shakeWakeTests.xctest */,
				DA566F921EB0F6E80074B938 /* shakeWakeUITests.xctest */,
			);
			name = Products;
			sourceTree = "<group>";
		};
		DA566F751EB0F6E80074B938 /* shakeWake */ = {
			isa = PBXGroup;
			children = (
				DA566F761EB0F6E80074B938 /* AppDelegate.swift */,
				DA566F781EB0F6E80074B938 /* ViewController.swift */,
				DA566F7A1EB0F6E80074B938 /* Main.storyboard */,
				DA566F7D1EB0F6E80074B938 /* Assets.xcassets */,
				DA566F7F1EB0F6E80074B938 /* LaunchScreen.storyboard */,
				DA566F821EB0F6E80074B938 /* Info.plist */,
			);
			path = shakeWake;
			sourceTree = "<group>";
		};
		DA566F8A1EB0F6E80074B938 /* shakeWakeTests */ = {
			isa = PBXGroup;
			children = (
				DA566F8B1EB0F6E80074B938 /* shakeWakeTests.swift */,
				DA566F8D1EB0F6E80074B938 /* Info.plist */,
			);
			path = shakeWakeTests;
			sourceTree = "<group>";
		};
		DA566F951EB0F6E80074B938 /* shakeWakeUITests */ = {
			isa = PBXGroup;
			children = (
				DA566F961EB0F6E80074B938 /* shakeWakeUITests.swift */,
				DA566F981EB0F6E80074B938 /* Info.plist */,
			);
			path = shakeWakeUITests;
			sourceTree = "<group>";
		};
/* End PBXGroup section */

/* Begin PBXNativeTarget section */
		DA566F721EB0F6E80074B938 /* shakeWake */ = {
			isa = PBXNativeTarget;
			buildConfigurationList = DA566F9B1EB0F6E80074B938 /* Build configuration list for PBXNativeTarget "shakeWake" */;
			buildPhases = (
				DA566F6F1EB0F6E80074B938 /* Sources */,
				DA566F701EB0F6E80074B938 /* Frameworks */,
				DA566F711EB0F6E80074B938 /* Resources */,
			);
			buildRules = (
			);
			dependencies = (
			);
			name = shakeWake;
			productName = shakeWake;
			productReference = DA566F731EB0F6E80074B938 /* shakeWake.app */;
			productType = "com.apple.product-type.application";
		};
		DA566F861EB0F6E80074B938 /* shakeWakeTests */ = {
			isa = PBXNativeTarget;
			buildConfigurationList = DA566F9E1EB0F6E80074B938 /* Build configuration list for PBXNativeTarget "shakeWakeTests" */;
			buildPhases = (
				DA566F831EB0F6E80074B938 /* Sources */,
				DA566F841EB0F6E80074B938 /* Frameworks */,
				DA566F851EB0F6E80074B938 /* Resources */,
			);
			buildRules = (
			);
			dependencies = (
				DA566F891EB0F6E80074B938 /* PBXTargetDependency */,
			);
			name = shakeWakeTests;
			productName = shakeWakeTests;
			productReference = DA566F871EB0F6E80074B938 /* shakeWakeTests.xctest */;
			productType = "com.apple.product-type.bundle.unit-test";
		};
		DA566F911EB0F6E80074B938 /* shakeWakeUITests */ = {
			isa = PBXNativeTarget;
			buildConfigurationList = DA566FA11EB0F6E80074B938 /* Build configuration list for PBXNativeTarget "shakeWakeUITests" */;
			buildPhases = (
				DA566F8E1EB0F6E80074B938 /* Sources */,
				DA566F8F1EB0F6E80074B938 /* Frameworks */,
				DA566F901EB0F6E80074B938 /* Resources */,
			);
			buildRules = (
			);
			dependencies = (
				DA566F941EB0F6E80074B938 /* PBXTargetDependency */,
			);
			name = shakeWakeUITests;
			productName = shakeWakeUITests;
			productReference = DA566F921EB0F6E80074B938 /* shakeWakeUITests.xctest */;
			productType = "com.apple.product-type.bundle.ui-testing";
		};
/* End PBXNativeTarget section */

/* Begin PBXProject section */
		DA566F6B1EB0F6E80074B938 /* Project object */ = {
			isa = PBXProject;
			attributes = {
				LastSwiftUpdateCheck = 0820;
				LastUpgradeCheck = 0820;
				ORGANIZATIONNAME = "Julia Guo";
				TargetAttributes = {
					DA566F721EB0F6E80074B938 = {
						CreatedOnToolsVersion = 8.2.1;
						ProvisioningStyle = Automatic;
					};
					DA566F861EB0F6E80074B938 = {
						CreatedOnToolsVersion = 8.2.1;
						DevelopmentTeam = 2G76TBKNPC;
						ProvisioningStyle = Automatic;
						TestTargetID = DA566F721EB0F6E80074B938;
					};
					DA566F911EB0F6E80074B938 = {
						CreatedOnToolsVersion = 8.2.1;
						DevelopmentTeam = 2G76TBKNPC;
						ProvisioningStyle = Automatic;
						TestTargetID = DA566F721EB0F6E80074B938;
					};
				};
			};
			buildConfigurationList = DA566F6E1EB0F6E80074B938 /* Build configuration list for PBXProject "shakeWake" */;
			compatibilityVersion = "Xcode 3.2";
			developmentRegion = English;
			hasScannedForEncodings = 0;
			knownRegions = (
				en,
				Base,
			);
			mainGroup = DA566F6A1EB0F6E80074B938;
			productRefGroup = DA566F741EB0F6E80074B938 /* Products */;
			projectDirPath = "";
			projectRoot = "";
			targets = (
				DA566F721EB0F6E80074B938 /* shakeWake */,
				DA566F861EB0F6E80074B938 /* shakeWakeTests */,
				DA566F911EB0F6E80074B938 /* shakeWakeUITests */,
			);
		};
/* End PBXProject section */

/* Begin PBXResourcesBuildPhase section */
		DA566F711EB0F6E80074B938 /* Resources */ = {
			isa = PBXResourcesBuildPhase;
			buildActionMask = 2147483647;
			files = (
				DA566F811EB0F6E80074B938 /* LaunchScreen.storyboard in Resources */,
				6537A16F1EC0C6EF00AFB0A2 /* alarm_sound.mp3 in Resources */,
				DA566F7E1EB0F6E80074B938 /* Assets.xcassets in Resources */,
				DA566F7C1EB0F6E80074B938 /* Main.storyboard in Resources */,
				6537A16E1EC0C6EF00AFB0A2 /* alarm_clock_icon.png in Resources */,
			);
			runOnlyForDeploymentPostprocessing = 0;
		};
		DA566F851EB0F6E80074B938 /* Resources */ = {
			isa = PBXResourcesBuildPhase;
			buildActionMask = 2147483647;
			files = (
			);
			runOnlyForDeploymentPostprocessing = 0;
		};
		DA566F901EB0F6E80074B938 /* Resources */ = {
			isa = PBXResourcesBuildPhase;
			buildActionMask = 2147483647;
			files = (
			);
			runOnlyForDeploymentPostprocessing = 0;
		};
/* End PBXResourcesBuildPhase section */

/* Begin PBXSourcesBuildPhase section */
		DA566F6F1EB0F6E80074B938 /* Sources */ = {
			isa = PBXSourcesBuildPhase;
			buildActionMask = 2147483647;
			files = (
				B2F4F5DA1EB0FBD30094922D /* SensorModel.swift in Sources */,
				DA566F791EB0F6E80074B938 /* ViewController.swift in Sources */,
				DA566F771EB0F6E80074B938 /* AppDelegate.swift in Sources */,
				B2F4F5DC1EB0FC600094922D /* BLE.swift in Sources */,
			);
			runOnlyForDeploymentPostprocessing = 0;
		};
		DA566F831EB0F6E80074B938 /* Sources */ = {
			isa = PBXSourcesBuildPhase;
			buildActionMask = 2147483647;
			files = (
				DA566F8C1EB0F6E80074B938 /* shakeWakeTests.swift in Sources */,
			);
			runOnlyForDeploymentPostprocessing = 0;
		};
		DA566F8E1EB0F6E80074B938 /* Sources */ = {
			isa = PBXSourcesBuildPhase;
			buildActionMask = 2147483647;
			files = (
				DA566F971EB0F6E80074B938 /* shakeWakeUITests.swift in Sources */,
			);
			runOnlyForDeploymentPostprocessing = 0;
		};
/* End PBXSourcesBuildPhase section */

/* Begin PBXTargetDependency section */
		DA566F891EB0F6E80074B938 /* PBXTargetDependency */ = {
			isa = PBXTargetDependency;
			target = DA566F721EB0F6E80074B938 /* shakeWake */;
			targetProxy = DA566F881EB0F6E80074B938 /* PBXContainerItemProxy */;
		};
		DA566F941EB0F6E80074B938 /* PBXTargetDependency */ = {
			isa = PBXTargetDependency;
			target = DA566F721EB0F6E80074B938 /* shakeWake */;
			targetProxy = DA566F931EB0F6E80074B938 /* PBXContainerItemProxy */;
		};
/* End PBXTargetDependency section */

/* Begin PBXVariantGroup section */
		DA566F7A1EB0F6E80074B938 /* Main.storyboard */ = {
			isa = PBXVariantGroup;
			children = (
				DA566F7B1EB0F6E80074B938 /* Base */,
			);
			name = Main.storyboard;
			sourceTree = "<group>";
		};
		DA566F7F1EB0F6E80074B938 /* LaunchScreen.storyboard */ = {
			isa = PBXVariantGroup;
			children = (
				DA566F801EB0F6E80074B938 /* Base */,
			);
			name = LaunchScreen.storyboard;
			sourceTree = "<group>";
		};
/* End PBXVariantGroup section */

/* Begin XCBuildConfiguration section */
		DA566F991EB0F6E80074B938 /* Debug */ = {
			isa = XCBuildConfiguration;
			buildSettings = {
				ALWAYS_SEARCH_USER_PATHS = NO;
				CLANG_ANALYZER_NONNULL = YES;
				CLANG_CXX_LANGUAGE_STANDARD = "gnu++0x";
				CLANG_CXX_LIBRARY = "libc++";
				CLANG_ENABLE_MODULES = YES;
				CLANG_ENABLE_OBJC_ARC = YES;
				CLANG_WARN_BOOL_CONVERSION = YES;
				CLANG_WARN_CONSTANT_CONVERSION = YES;
				CLANG_WARN_DIRECT_OBJC_ISA_USAGE = YES_ERROR;
				CLANG_WARN_DOCUMENTATION_COMMENTS = YES;
				CLANG_WARN_EMPTY_BODY = YES;
				CLANG_WARN_ENUM_CONVERSION = YES;
				CLANG_WARN_INFINITE_RECURSION = YES;
				CLANG_WARN_INT_CONVERSION = YES;
				CLANG_WARN_OBJC_ROOT_CLASS = YES_ERROR;
				CLANG_WARN_SUSPICIOUS_MOVE = YES;
				CLANG_WARN_UNREACHABLE_CODE = YES;
				CLANG_WARN__DUPLICATE_METHOD_MATCH = YES;
				"CODE_SIGN_IDENTITY[sdk=iphoneos*]" = "iPhone Developer";
				COPY_PHASE_STRIP = NO;
				DEBUG_INFORMATION_FORMAT = dwarf;
				ENABLE_STRICT_OBJC_MSGSEND = YES;
				ENABLE_TESTABILITY = YES;
				GCC_C_LANGUAGE_STANDARD = gnu99;
				GCC_DYNAMIC_NO_PIC = NO;
				GCC_NO_COMMON_BLOCKS = YES;
				GCC_OPTIMIZATION_LEVEL = 0;
				GCC_PREPROCESSOR_DEFINITIONS = (
					"DEBUG=1",
					"$(inherited)",
				);
				GCC_WARN_64_TO_32_BIT_CONVERSION = YES;
				GCC_WARN_ABOUT_RETURN_TYPE = YES_ERROR;
				GCC_WARN_UNDECLARED_SELECTOR = YES;
				GCC_WARN_UNINITIALIZED_AUTOS = YES_AGGRESSIVE;
				GCC_WARN_UNUSED_FUNCTION = YES;
				GCC_WARN_UNUSED_VARIABLE = YES;
				IPHONEOS_DEPLOYMENT_TARGET = 10.2;
				MTL_ENABLE_DEBUG_INFO = YES;
				ONLY_ACTIVE_ARCH = YES;
				SDKROOT = iphoneos;
				SWIFT_ACTIVE_COMPILATION_CONDITIONS = DEBUG;
				SWIFT_OPTIMIZATION_LEVEL = "-Onone";
			};
			name = Debug;
		};
		DA566F9A1EB0F6E80074B938 /* Release */ = {
			isa = XCBuildConfiguration;
			buildSettings = {
				ALWAYS_SEARCH_USER_PATHS = NO;
				CLANG_ANALYZER_NONNULL = YES;
				CLANG_CXX_LANGUAGE_STANDARD = "gnu++0x";
				CLANG_CXX_LIBRARY = "libc++";
				CLANG_ENABLE_MODULES = YES;
				CLANG_ENABLE_OBJC_ARC = YES;
				CLANG_WARN_BOOL_CONVERSION = YES;
				CLANG_WARN_CONSTANT_CONVERSION = YES;
				CLANG_WARN_DIRECT_OBJC_ISA_USAGE = YES_ERROR;
				CLANG_WARN_DOCUMENTATION_COMMENTS = YES;
				CLANG_WARN_EMPTY_BODY = YES;
				CLANG_WARN_ENUM_CONVERSION = YES;
				CLANG_WARN_INFINITE_RECURSION = YES;
				CLANG_WARN_INT_CONVERSION = YES;
				CLANG_WARN_OBJC_ROOT_CLASS = YES_ERROR;
				CLANG_WARN_SUSPICIOUS_MOVE = YES;
				CLANG_WARN_UNREACHABLE_CODE = YES;
				CLANG_WARN__DUPLICATE_METHOD_MATCH = YES;
				"CODE_SIGN_IDENTITY[sdk=iphoneos*]" = "iPhone Developer";
				COPY_PHASE_STRIP = NO;
				DEBUG_INFORMATION_FORMAT = "dwarf-with-dsym";
				ENABLE_NS_ASSERTIONS = NO;
				ENABLE_STRICT_OBJC_MSGSEND = YES;
				GCC_C_LANGUAGE_STANDARD = gnu99;
				GCC_NO_COMMON_BLOCKS = YES;
				GCC_WARN_64_TO_32_BIT_CONVERSION = YES;
				GCC_WARN_ABOUT_RETURN_TYPE = YES_ERROR;
				GCC_WARN_UNDECLARED_SELECTOR = YES;
				GCC_WARN_UNINITIALIZED_AUTOS = YES_AGGRESSIVE;
				GCC_WARN_UNUSED_FUNCTION = YES;
				GCC_WARN_UNUSED_VARIABLE = YES;
				IPHONEOS_DEPLOYMENT_TARGET = 10.2;
				MTL_ENABLE_DEBUG_INFO = NO;
				SDKROOT = iphoneos;
				SWIFT_OPTIMIZATION_LEVEL = "-Owholemodule";
				VALIDATE_PRODUCT = YES;
			};
			name = Release;
		};
		DA566F9C1EB0F6E80074B938 /* Debug */ = {
			isa = XCBuildConfiguration;
			buildSettings = {
				ASSETCATALOG_COMPILER_APPICON_NAME = AppIcon;
				DEVELOPMENT_TEAM = 486SAVR7ZP;
				INFOPLIST_FILE = shakeWake/Info.plist;
				LD_RUNPATH_SEARCH_PATHS = "$(inherited) @executable_path/Frameworks";
				PRODUCT_BUNDLE_IDENTIFIER = "-s062.shakeWake";
				PRODUCT_NAME = "$(TARGET_NAME)";
				SWIFT_VERSION = 3.0;
			};
			name = Debug;
		};
		DA566F9D1EB0F6E80074B938 /* Release */ = {
			isa = XCBuildConfiguration;
			buildSettings = {
				ASSETCATALOG_COMPILER_APPICON_NAME = AppIcon;
				DEVELOPMENT_TEAM = 486SAVR7ZP;
				INFOPLIST_FILE = shakeWake/Info.plist;
				LD_RUNPATH_SEARCH_PATHS = "$(inherited) @executable_path/Frameworks";
				PRODUCT_BUNDLE_IDENTIFIER = "-s062.shakeWake";
				PRODUCT_NAME = "$(TARGET_NAME)";
				SWIFT_VERSION = 3.0;
			};
			name = Release;
		};
		DA566F9F1EB0F6E80074B938 /* Debug */ = {
			isa = XCBuildConfiguration;
			buildSettings = {
				ALWAYS_EMBED_SWIFT_STANDARD_LIBRARIES = YES;
				BUNDLE_LOADER = "$(TEST_HOST)";
				DEVELOPMENT_TEAM = 2G76TBKNPC;
				INFOPLIST_FILE = shakeWakeTests/Info.plist;
				LD_RUNPATH_SEARCH_PATHS = "$(inherited) @executable_path/Frameworks @loader_path/Frameworks";
				PRODUCT_BUNDLE_IDENTIFIER = "-s062.shakeWakeTests";
				PRODUCT_NAME = "$(TARGET_NAME)";
				SWIFT_VERSION = 3.0;
				TEST_HOST = "$(BUILT_PRODUCTS_DIR)/shakeWake.app/shakeWake";
			};
			name = Debug;
		};
		DA566FA01EB0F6E80074B938 /* Release */ = {
			isa = XCBuildConfiguration;
			buildSettings = {
				ALWAYS_EMBED_SWIFT_STANDARD_LIBRARIES = YES;
				BUNDLE_LOADER = "$(TEST_HOST)";
				DEVELOPMENT_TEAM = 2G76TBKNPC;
				INFOPLIST_FILE = shakeWakeTests/Info.plist;
				LD_RUNPATH_SEARCH_PATHS = "$(inherited) @executable_path/Frameworks @loader_path/Frameworks";
				PRODUCT_BUNDLE_IDENTIFIER = "-s062.shakeWakeTests";
				PRODUCT_NAME = "$(TARGET_NAME)";
				SWIFT_VERSION = 3.0;
				TEST_HOST = "$(BUILT_PRODUCTS_DIR)/shakeWake.app/shakeWake";
			};
			name = Release;
		};
		DA566FA21EB0F6E80074B938 /* Debug */ = {
			isa = XCBuildConfiguration;
			buildSettings = {
				ALWAYS_EMBED_SWIFT_STANDARD_LIBRARIES = YES;
				DEVELOPMENT_TEAM = 2G76TBKNPC;
				INFOPLIST_FILE = shakeWakeUITests/Info.plist;
				LD_RUNPATH_SEARCH_PATHS = "$(inherited) @executable_path/Frameworks @loader_path/Frameworks";
				PRODUCT_BUNDLE_IDENTIFIER = "-s062.shakeWakeUITests";
				PRODUCT_NAME = "$(TARGET_NAME)";
				SWIFT_VERSION = 3.0;
				TEST_TARGET_NAME = shakeWake;
			};
			name = Debug;
		};
		DA566FA31EB0F6E80074B938 /* Release */ = {
			isa = XCBuildConfiguration;
			buildSettings = {
				ALWAYS_EMBED_SWIFT_STANDARD_LIBRARIES = YES;
				DEVELOPMENT_TEAM = 2G76TBKNPC;
				INFOPLIST_FILE = shakeWakeUITests/Info.plist;
				LD_RUNPATH_SEARCH_PATHS = "$(inherited) @executable_path/Frameworks @loader_path/Frameworks";
				PRODUCT_BUNDLE_IDENTIFIER = "-s062.shakeWakeUITests";
				PRODUCT_NAME = "$(TARGET_NAME)";
				SWIFT_VERSION = 3.0;
				TEST_TARGET_NAME = shakeWake;
			};
			name = Release;
		};
/* End XCBuildConfiguration section */

/* Begin XCConfigurationList section */
		DA566F6E1EB0F6E80074B938 /* Build configuration list for PBXProject "shakeWake" */ = {
			isa = XCConfigurationList;
			buildConfigurations = (
				DA566F991EB0F6E80074B938 /* Debug */,
				DA566F9A1EB0F6E80074B938 /* Release */,
			);
			defaultConfigurationIsVisible = 0;
			defaultConfigurationName = Release;
		};
		DA566F9B1EB0F6E80074B938 /* Build configuration list for PBXNativeTarget "shakeWake" */ = {
			isa = XCConfigurationList;
			buildConfigurations = (
				DA566F9C1EB0F6E80074B938 /* Debug */,
				DA566F9D1EB0F6E80074B938 /* Release */,
			);
			defaultConfigurationIsVisible = 0;
			defaultConfigurationName = Release;
		};
		DA566F9E1EB0F6E80074B938 /* Build configuration list for PBXNativeTarget "shakeWakeTests" */ = {
			isa = XCConfigurationList;
			buildConfigurations = (
				DA566F9F1EB0F6E80074B938 /* Debug */,
				DA566FA01EB0F6E80074B938 /* Release */,
			);
			defaultConfigurationIsVisible = 0;
			defaultConfigurationName = Release;
		};
		DA566FA11EB0F6E80074B938 /* Build configuration list for PBXNativeTarget "shakeWakeUITests" */ = {
			isa = XCConfigurationList;
			buildConfigurations = (
				DA566FA21EB0F6E80074B938 /* Debug */,
				DA566FA31EB0F6E80074B938 /* Release */,
			);
			defaultConfigurationIsVisible = 0;
			defaultConfigurationName = Release;
		};
/* End XCConfigurationList section */
	};
	rootObject = DA566F6B1EB0F6E80074B938 /* Project object */;
}
